
Microsoft Visual Studio Solution File, Format Version 12.00
# Visual Studio Version 16
VisualStudioVersion = 16.0.31321.278
MinimumVisualStudioVersion = 10.0.40219.1
Project("{FAE04EC0-301F-11D3-BF4B-00C04F79EFBC}") = "SyncClient.Core", "SyncClient.Core\SyncClient.Core.csproj", "{C269901B-C732-4388-BEA7-7C9920010DE7}"
EndProject
Project("{FAE04EC0-301F-11D3-BF4B-00C04F79EFBC}") = "SyncClient.Console", "SyncClient.Console\SyncClient.Console.csproj", "{A792BC68-8066-42AE-BA0F-EBE1FC6736C7}"
EndProject
Global
	GlobalSection(SolutionConfigurationPlatforms) = preSolution
		Debug|Any CPU = Debug|Any CPU
		Release|Any CPU = Release|Any CPU
	EndGlobalSection
	GlobalSection(ProjectConfigurationPlatforms) = postSolution
		{C269901B-C732-4388-BEA7-7C9920010DE7}.Debug|Any CPU.ActiveCfg = Debug|Any CPU
		{C269901B-C732-4388-BEA7-7C9920010DE7}.Debug|Any CPU.Build.0 = Debug|Any CPU
		{C269901B-C732-4388-BEA7-7C9920010DE7}.Release|Any CPU.ActiveCfg = Release|Any CPU
		{C269901B-C732-4388-BEA7-7C9920010DE7}.Release|Any CPU.Build.0 = Release|Any CPU
		{A792BC68-8066-42AE-BA0F-EBE1FC6736C7}.Debug|Any CPU.ActiveCfg = Debug|Any CPU
		{A792BC68-8066-42AE-BA0F-EBE1FC6736C7}.Debug|Any CPU.Build.0 = Debug|Any CPU
		{A792BC68-8066-42AE-BA0F-EBE1FC6736C7}.Release|Any CPU.ActiveCfg = Release|Any CPU
		{A792BC68-8066-42AE-BA0F-EBE1FC6736C7}.Release|Any CPU.Build.0 = Release|Any CPU
	EndGlobalSection
	GlobalSection(SolutionProperties) = preSolution
		HideSolutionNode = FALSE
	EndGlobalSection
	GlobalSection(ExtensibilityGlobals) = postSolution
		SolutionGuid = {E17E08D5-732E-4729-9320-8947E4FA8472}
	EndGlobalSection
EndGlobal
